
Microsoft Visual Studio Solution File, Format Version 12.00
# Visual Studio 2012
Project("{FAE04EC0-301F-11D3-BF4B-00C04F79EFBC}") = "Nancy.Extras.Cassette", "Nancy.Extras.Cassette\Nancy.Extras.Cassette.csproj", "{9DC2DED1-C856-46E4-9354-2276E954BBAC}"
EndProject
Project("{2150E333-8FDC-42A3-9474-1A3956D46DE8}") = ".nuget", ".nuget", "{58BA0477-1BC1-493F-9AAD-A64E9296B1B6}"
	ProjectSection(SolutionItems) = preProject
		.nuget\NuGet.Config = .nuget\NuGet.Config
		.nuget\NuGet.exe = .nuget\NuGet.exe
		.nuget\NuGet.targets = .nuget\NuGet.targets
	EndProjectSection
EndProject
Global
	GlobalSection(SolutionConfigurationPlatforms) = preSolution
		Debug|Any CPU = Debug|Any CPU
		Release|Any CPU = Release|Any CPU
	EndGlobalSection
	GlobalSection(ProjectConfigurationPlatforms) = postSolution
		{9DC2DED1-C856-46E4-9354-2276E954BBAC}.Debug|Any CPU.ActiveCfg = Debug|Any CPU
		{9DC2DED1-C856-46E4-9354-2276E954BBAC}.Debug|Any CPU.Build.0 = Debug|Any CPU
		{9DC2DED1-C856-46E4-9354-2276E954BBAC}.Release|Any CPU.ActiveCfg = Release|Any CPU
		{9DC2DED1-C856-46E4-9354-2276E954BBAC}.Release|Any CPU.Build.0 = Release|Any CPU
	EndGlobalSection
	GlobalSection(SolutionProperties) = preSolution
		HideSolutionNode = FALSE
	EndGlobalSection
EndGlobal
